
Microsoft Visual Studio Solution File, Format Version 12.00
# Visual Studio Version 16
VisualStudioVersion = 16.0.31005.135
MinimumVisualStudioVersion = 10.0.40219.1
Project("{FAE04EC0-301F-11D3-BF4B-00C04F79EFBC}") = "GeneticAlgorithmTimetablingSystem", "GeneticAlgorithmTimetablingSystem.csproj", "{50868478-33B6-4C55-9717-B967D615F6CA}"
EndProject
Global
	GlobalSection(SolutionConfigurationPlatforms) = preSolution
		Debug|Any CPU = Debug|Any CPU
		Release|Any CPU = Release|Any CPU
	EndGlobalSection
	GlobalSection(ProjectConfigurationPlatforms) = postSolution
		{50868478-33B6-4C55-9717-B967D615F6CA}.Debug|Any CPU.ActiveCfg = Debug|Any CPU
		{50868478-33B6-4C55-9717-B967D615F6CA}.Debug|Any CPU.Build.0 = Debug|Any CPU
		{50868478-33B6-4C55-9717-B967D615F6CA}.Release|Any CPU.ActiveCfg = Release|Any CPU
		{50868478-33B6-4C55-9717-B967D615F6CA}.Release|Any CPU.Build.0 = Release|Any CPU
	EndGlobalSection
	GlobalSection(SolutionProperties) = preSolution
		HideSolutionNode = FALSE
	EndGlobalSection
	GlobalSection(ExtensibilityGlobals) = postSolution
		SolutionGuid = {04679D42-3DDA-43C1-81D2-7BB3347A676F}
	EndGlobalSection
EndGlobal
